# THIS IS AN AUTOGENERATED FILE. DO NOT EDIT THIS FILE DIRECTLY.
# yarn lockfile v1


"@ctrl/tinycolor@^3.5.0":
  "integrity" "sha512-/Z3l6pXthq0JvMYdUFyX9j0MaCltlIn6mfh9jLyQwg5aPKxkyNa0PTHtU1AlFXLNk55ZuAeJRcpvq+tmLfKmaQ=="
  "resolved" "https://registry.npmjs.org/@ctrl/tinycolor/-/tinycolor-3.6.0.tgz"
  "version" "3.6.0"

"@floating-ui/core@^1.4.1":
  "integrity" "sha512-jk3WqquEJRlcyu7997NtR5PibI+y5bi+LS3hPmguVClypenMsCY3CBa3LAQnozRCtCrYWSEtAdiskpamuJRFOQ=="
  "resolved" "https://registry.npmjs.org/@floating-ui/core/-/core-1.4.1.tgz"
  "version" "1.4.1"
  dependencies:
    "@floating-ui/utils" "^0.1.1"

"@floating-ui/dom@^1.2.1":
  "integrity" "sha512-KwvVcPSXg6mQygvA1TjbN/gh///36kKtllIF8SUm0qpFj8+rvYrpvlYdL1JoA71SHpDqgSSdGOSoQ0Mp3uY5aw=="
  "resolved" "https://registry.npmjs.org/@floating-ui/dom/-/dom-1.5.1.tgz"
  "version" "1.5.1"
  dependencies:
    "@floating-ui/core" "^1.4.1"
    "@floating-ui/utils" "^0.1.1"

"@floating-ui/utils@^0.1.1":
  "integrity" "sha512-m0G6wlnhm/AX0H12IOWtK8gASEMffnX08RtKkCgTdHb9JpHKGloI7icFfLg9ZmQeavcvR0PKmzxClyuFPSjKWw=="
  "resolved" "https://registry.npmjs.org/@floating-ui/utils/-/utils-0.1.1.tgz"
  "version" "0.1.1"

"@fortawesome/fontawesome-free@^5.12.1":
  "integrity" "sha512-eYm8vijH/hpzr/6/1CJ/V/Eb1xQFW2nnUKArb3z+yUWv7HTwj6M7SP957oMjfZjAHU6qpoNc2wQvIxBLWYa/Jg=="
  "resolved" "https://registry.npmjs.org/@fortawesome/fontawesome-free/-/fontawesome-free-5.15.4.tgz"
  "version" "5.15.4"

"@jimp/bmp@^0.22.10":
  "integrity" "sha512-1UXRl1Nw1KptZ1r0ANqtXOst9vGH51dq7keVKQzyyTO2lz4dOaezS9StuSTNh+RmiHg/SVPaFRpPfB0S/ln4Kg=="
  "resolved" "https://registry.npmjs.org/@jimp/bmp/-/bmp-0.22.10.tgz"
  "version" "0.22.10"
  dependencies:
    "@jimp/utils" "^0.22.10"
    "bmp-js" "^0.1.0"

"@jimp/core@^0.22.10":
  "integrity" "sha512-ZKyrehVy6wu1PnBXIUpn/fXmyMRQiVSbvHDubgXz4bfTOao3GiOurKHjByutQIgozuAN6ZHWiSge1dKA+dex3w=="
  "resolved" "https://registry.npmjs.org/@jimp/core/-/core-0.22.10.tgz"
  "version" "0.22.10"
  dependencies:
    "@jimp/utils" "^0.22.10"
    "any-base" "^1.1.0"
    "buffer" "^5.2.0"
    "exif-parser" "^0.1.12"
    "file-type" "^16.5.4"
    "isomorphic-fetch" "^3.0.0"
    "pixelmatch" "^4.0.2"
    "tinycolor2" "^1.6.0"

"@jimp/custom@^0.22.7", "@jimp/custom@>=0.3.5":
  "integrity" "sha512-sPZkUYe1hu0iIgNisjizxPJqq2vaaKvkCkPoXq2U6UV3ZA1si/WVdrg25da3IcGIEV+83AoHgM8TvqlLgrCJsg=="
  "resolved" "https://registry.npmjs.org/@jimp/custom/-/custom-0.22.10.tgz"
  "version" "0.22.10"
  dependencies:
    "@jimp/core" "^0.22.10"

"@jimp/gif@^0.22.10":
  "integrity" "sha512-yEX2dSpamvkSx1PPDWGnKeWDrBz0vrCKjVG/cn4Zr68MRRT75tbZIeOrBa+RiUpY3ho5ix7d36LkYvt3qfUIhQ=="
  "resolved" "https://registry.npmjs.org/@jimp/gif/-/gif-0.22.10.tgz"
  "version" "0.22.10"
  dependencies:
    "@jimp/utils" "^0.22.10"
    "gifwrap" "^0.10.1"
    "omggif" "^1.0.9"

"@jimp/jpeg@^0.22.10":
  "integrity" "sha512-6bu98pAcVN4DY2oiDLC4TOgieX/lZrLd1tombWZOFCN5PBmqaHQxm7IUmT+Wj4faEvh8QSHgVLSA+2JQQRJWVA=="
  "resolved" "https://registry.npmjs.org/@jimp/jpeg/-/jpeg-0.22.10.tgz"
  "version" "0.22.10"
  dependencies:
    "@jimp/utils" "^0.22.10"
    "jpeg-js" "^0.4.4"

"@jimp/plugin-blit@^0.22.10", "@jimp/plugin-blit@>=0.3.5":
  "integrity" "sha512-6EI8Sl+mxYHEIy6Yteh6eknD+EZguKpNdr3sCKxNezmLR0+vK99vHcllo6uGSjXXiwtwS67Xqxn8SsoatL+UJQ=="
  "resolved" "https://registry.npmjs.org/@jimp/plugin-blit/-/plugin-blit-0.22.10.tgz"
  "version" "0.22.10"
  dependencies:
    "@jimp/utils" "^0.22.10"

"@jimp/plugin-blur@^0.22.10", "@jimp/plugin-blur@>=0.3.5":
  "integrity" "sha512-4XRTWuPVdMXJeclJMisXPGizeHtTryVaVV5HnuQXpKqIZtzXReCCpNGH8q/i0kBQOQMXhGWS3mpqOEwtpPePKw=="
  "resolved" "https://registry.npmjs.org/@jimp/plugin-blur/-/plugin-blur-0.22.10.tgz"
  "version" "0.22.10"
  dependencies:
    "@jimp/utils" "^0.22.10"

"@jimp/plugin-circle@^0.22.10":
  "integrity" "sha512-mhcwTO1ywRxiCgtLGge6tDDIDPlX6qkI3CY+BjgGG/XhVHccCddXgOGLdlf+5OuKIEF2Nqs0V01LQEQIJFTmEw=="
  "resolved" "https://registry.npmjs.org/@jimp/plugin-circle/-/plugin-circle-0.22.10.tgz"
  "version" "0.22.10"
  dependencies:
    "@jimp/utils" "^0.22.10"

"@jimp/plugin-color@^0.22.10", "@jimp/plugin-color@>=0.8.0":
  "integrity" "sha512-e4t3L7Kedd96E0x1XjsTM6NcgulKUU66HdFTao7Tc9FYJRFSlttARZ/C6LEryGDm/i69R6bJEpo7BkNz0YL55Q=="
  "resolved" "https://registry.npmjs.org/@jimp/plugin-color/-/plugin-color-0.22.10.tgz"
  "version" "0.22.10"
  dependencies:
    "@jimp/utils" "^0.22.10"
    "tinycolor2" "^1.6.0"

"@jimp/plugin-contain@^0.22.10":
  "integrity" "sha512-eP8KrzctuEoqibQAxi9WhbnoRosydhiwg+IYya3dKuKDBTrD9UHt+ERlPQ/lTNWHzV/l4S1ntV3r9s9saJgsXA=="
  "resolved" "https://registry.npmjs.org/@jimp/plugin-contain/-/plugin-contain-0.22.10.tgz"
  "version" "0.22.10"
  dependencies:
    "@jimp/utils" "^0.22.10"

"@jimp/plugin-cover@^0.22.10":
  "integrity" "sha512-kJCwL5T1igfa0InCfkE7bBeqg26m46aoRt10ug+rvm11P6RrvRMGrgINFyIKB+mnB7CiyBN/MOula1CvLhSInQ=="
  "resolved" "https://registry.npmjs.org/@jimp/plugin-cover/-/plugin-cover-0.22.10.tgz"
  "version" "0.22.10"
  dependencies:
    "@jimp/utils" "^0.22.10"

"@jimp/plugin-crop@^0.22.10", "@jimp/plugin-crop@>=0.3.5":
  "integrity" "sha512-BOZ+YGaZlhU7c5ye65RxikicXH0Ki0It6/XHISvipR5WZrfjLjL2Ke20G+AGnwBQc76gKenVcMXVUCnEjtZV+Q=="
  "resolved" "https://registry.npmjs.org/@jimp/plugin-crop/-/plugin-crop-0.22.10.tgz"
  "version" "0.22.10"
  dependencies:
    "@jimp/utils" "^0.22.10"

"@jimp/plugin-displace@^0.22.10":
  "integrity" "sha512-llNiWWMTKISDXt5+cXI0GaFmZWAjlT+4fFLYf4eXquuL/9wZoQsEBhv2GdGd48mkiS8jZq1Nnb2Q4ehEPTvrzw=="
  "resolved" "https://registry.npmjs.org/@jimp/plugin-displace/-/plugin-displace-0.22.10.tgz"
  "version" "0.22.10"
  dependencies:
    "@jimp/utils" "^0.22.10"

"@jimp/plugin-dither@^0.22.10":
  "integrity" "sha512-05WLmeV5M+P/0FS+bWf13hMew2X0oa8w9AtmevL2UyA/5GqiyvP2Xm5WfGQ8oFiiMvpnL6RFomJQOZtWca0C2w=="
  "resolved" "https://registry.npmjs.org/@jimp/plugin-dither/-/plugin-dither-0.22.10.tgz"
  "version" "0.22.10"
  dependencies:
    "@jimp/utils" "^0.22.10"

"@jimp/plugin-fisheye@^0.22.10":
  "integrity" "sha512-InjiXvc7Gkzrx8VWtU97kDqV7ENnhHGPULymJWeZaF2aicud9Fpk4iCtd/DcZIrk7Cbe60A8RwNXN00HXIbSCg=="
  "resolved" "https://registry.npmjs.org/@jimp/plugin-fisheye/-/plugin-fisheye-0.22.10.tgz"
  "version" "0.22.10"
  dependencies:
    "@jimp/utils" "^0.22.10"

"@jimp/plugin-flip@^0.22.10":
  "integrity" "sha512-42GkGtTHWnhnwTMPVK/kXObZbkYIpQWfuIfy5EMEMk6zRj05zpv4vsjkKWfuemweZINwfvD7wDJF7FVFNNcZZg=="
  "resolved" "https://registry.npmjs.org/@jimp/plugin-flip/-/plugin-flip-0.22.10.tgz"
  "version" "0.22.10"
  dependencies:
    "@jimp/utils" "^0.22.10"

"@jimp/plugin-gaussian@^0.22.10":
  "integrity" "sha512-ykrG/6lTp9Q5YA8jS5XzwMHtRxb9HOFMgtmnrUZ8kU+BK8REecfy9Ic5BUEOjCYvS1a/xLsnrZQU07iiYxBxFg=="
  "resolved" "https://registry.npmjs.org/@jimp/plugin-gaussian/-/plugin-gaussian-0.22.10.tgz"
  "version" "0.22.10"
  dependencies:
    "@jimp/utils" "^0.22.10"

"@jimp/plugin-invert@^0.22.10":
  "integrity" "sha512-d8j9BlUJYs/c994t4azUWSWmQq4LLPG4ecm8m6SSNqap+S/HlVQGqjYhJEBbY9EXkOTYB9vBL9bqwSM1Rr6paA=="
  "resolved" "https://registry.npmjs.org/@jimp/plugin-invert/-/plugin-invert-0.22.10.tgz"
  "version" "0.22.10"
  dependencies:
    "@jimp/utils" "^0.22.10"

"@jimp/plugin-mask@^0.22.10":
  "integrity" "sha512-yRBs1230XZkz24uFTdTcSlZ0HXZpIWzM3iFQN56MzZ7USgdVZjPPDCQ8I9RpqfZ36nDflQkUO0wV7ucsi4ogow=="
  "resolved" "https://registry.npmjs.org/@jimp/plugin-mask/-/plugin-mask-0.22.10.tgz"
  "version" "0.22.10"
  dependencies:
    "@jimp/utils" "^0.22.10"

"@jimp/plugin-normalize@^0.22.10":
  "integrity" "sha512-Wk9GX6eJMchX/ZAazVa70Fagu+OXMvHiPY+HrcEwcclL+p1wo8xAHEsf9iKno7Ja4EU9lLhbBRY5hYJyiKMEkg=="
  "resolved" "https://registry.npmjs.org/@jimp/plugin-normalize/-/plugin-normalize-0.22.10.tgz"
  "version" "0.22.10"
  dependencies:
    "@jimp/utils" "^0.22.10"

"@jimp/plugin-print@^0.22.10":
  "integrity" "sha512-1U3VloIR+beE1kWPdGEJMiE2h1Do29iv3w8sBbvPyRP4qXxRFcDpmCGtctsrKmb1krlBFlj8ubyAY90xL+5n9w=="
  "resolved" "https://registry.npmjs.org/@jimp/plugin-print/-/plugin-print-0.22.10.tgz"
  "version" "0.22.10"
  dependencies:
    "@jimp/utils" "^0.22.10"
    "load-bmfont" "^1.4.1"

"@jimp/plugin-resize@^0.22.10", "@jimp/plugin-resize@>=0.3.5", "@jimp/plugin-resize@>=0.8.0":
  "integrity" "sha512-ixomxVcnAONXDgaq0opvAx4UAOiEhOA/tipuhFFOvPKFd4yf1BAnEviB5maB0SBHHkJXPUSzDp/73xVTMGSe7g=="
  "resolved" "https://registry.npmjs.org/@jimp/plugin-resize/-/plugin-resize-0.22.10.tgz"
  "version" "0.22.10"
  dependencies:
    "@jimp/utils" "^0.22.10"

"@jimp/plugin-rotate@^0.22.10", "@jimp/plugin-rotate@>=0.3.5":
  "integrity" "sha512-eeFX8dnRyf3LAdsdXWKWuN18hLRg8zy1cP0cP9rHzQVWRK7ck/QsLxK1vHq7MADGwQalNaNTJ9SQxH6c8mz6jw=="
  "resolved" "https://registry.npmjs.org/@jimp/plugin-rotate/-/plugin-rotate-0.22.10.tgz"
  "version" "0.22.10"
  dependencies:
    "@jimp/utils" "^0.22.10"

"@jimp/plugin-scale@^0.22.10", "@jimp/plugin-scale@>=0.3.5":
  "integrity" "sha512-TG/H0oUN69C9ArBCZg4PmuoixFVKIiru8282KzSB/Tp1I0xwX0XLTv3dJ5pobPlIgPcB+TmD4xAIdkCT4rtWxg=="
  "resolved" "https://registry.npmjs.org/@jimp/plugin-scale/-/plugin-scale-0.22.10.tgz"
  "version" "0.22.10"
  dependencies:
    "@jimp/utils" "^0.22.10"

"@jimp/plugin-shadow@^0.22.10":
  "integrity" "sha512-TN9xm6fI7XfxbMUQqFPZjv59Xdpf0tSiAQdINB4g6pJMWiVANR/74OtDONoy3KKpenu5Y38s+FkrtID/KcQAhw=="
  "resolved" "https://registry.npmjs.org/@jimp/plugin-shadow/-/plugin-shadow-0.22.10.tgz"
  "version" "0.22.10"
  dependencies:
    "@jimp/utils" "^0.22.10"

"@jimp/plugin-threshold@^0.22.10":
  "integrity" "sha512-DA2lSnU0TgIRbAgmXaxroYw3Ad6J2DOFEoJp0NleSm2h3GWbZEE5yW9U2B6hD3iqn4AenG4E2b2WzHXZyzSutw=="
  "resolved" "https://registry.npmjs.org/@jimp/plugin-threshold/-/plugin-threshold-0.22.10.tgz"
  "version" "0.22.10"
  dependencies:
    "@jimp/utils" "^0.22.10"

"@jimp/plugins@^0.22.7":
  "integrity" "sha512-KDMZyM6pmvS8freB+UBLko1TO/k4D7URS/nphCozuH+P7i3UMe7NdckXKJ8u+WD6sqN0YFYvBehpkpnUiw/91w=="
  "resolved" "https://registry.npmjs.org/@jimp/plugins/-/plugins-0.22.10.tgz"
  "version" "0.22.10"
  dependencies:
    "@jimp/plugin-blit" "^0.22.10"
    "@jimp/plugin-blur" "^0.22.10"
    "@jimp/plugin-circle" "^0.22.10"
    "@jimp/plugin-color" "^0.22.10"
    "@jimp/plugin-contain" "^0.22.10"
    "@jimp/plugin-cover" "^0.22.10"
    "@jimp/plugin-crop" "^0.22.10"
    "@jimp/plugin-displace" "^0.22.10"
    "@jimp/plugin-dither" "^0.22.10"
    "@jimp/plugin-fisheye" "^0.22.10"
    "@jimp/plugin-flip" "^0.22.10"
    "@jimp/plugin-gaussian" "^0.22.10"
    "@jimp/plugin-invert" "^0.22.10"
    "@jimp/plugin-mask" "^0.22.10"
    "@jimp/plugin-normalize" "^0.22.10"
    "@jimp/plugin-print" "^0.22.10"
    "@jimp/plugin-resize" "^0.22.10"
    "@jimp/plugin-rotate" "^0.22.10"
    "@jimp/plugin-scale" "^0.22.10"
    "@jimp/plugin-shadow" "^0.22.10"
    "@jimp/plugin-threshold" "^0.22.10"
    "timm" "^1.6.1"

"@jimp/png@^0.22.10":
  "integrity" "sha512-RYinU7tZToeeR2g2qAMn42AU+8OUHjXPKZZ9RkmoL4bguA1xyZWaSdr22/FBkmnHhOERRlr02KPDN1OTOYHLDQ=="
  "resolved" "https://registry.npmjs.org/@jimp/png/-/png-0.22.10.tgz"
  "version" "0.22.10"
  dependencies:
    "@jimp/utils" "^0.22.10"
    "pngjs" "^6.0.0"

"@jimp/tiff@^0.22.10":
  "integrity" "sha512-OaivlSYzpNTHyH/h7pEtl3A7F7TbsgytZs52GLX/xITW92ffgDgT6PkldIrMrET6ERh/hdijNQiew7IoEEr2og=="
  "resolved" "https://registry.npmjs.org/@jimp/tiff/-/tiff-0.22.10.tgz"
  "version" "0.22.10"
  dependencies:
    "utif2" "^4.0.1"

"@jimp/types@^0.22.7":
  "integrity" "sha512-u/r+XYzbCx4zZukDmxx8S0er3Yq3iDPI6+31WKX0N18i2qPPJYcn8qwIFurfupRumGvJ8SlGLCgt/T+Y8zzUIw=="
  "resolved" "https://registry.npmjs.org/@jimp/types/-/types-0.22.10.tgz"
  "version" "0.22.10"
  dependencies:
    "@jimp/bmp" "^0.22.10"
    "@jimp/gif" "^0.22.10"
    "@jimp/jpeg" "^0.22.10"
    "@jimp/png" "^0.22.10"
    "@jimp/tiff" "^0.22.10"
    "timm" "^1.6.1"

"@jimp/utils@^0.22.10":
  "integrity" "sha512-ztlOK9Mm2iLG2AMoabzM4i3WZ/FtshcgsJCbZCRUs/DKoeS2tySRJTnQZ1b7Roq0M4Ce+FUAxnCAcBV0q7PH9w=="
  "resolved" "https://registry.npmjs.org/@jimp/utils/-/utils-0.22.10.tgz"
  "version" "0.22.10"
  dependencies:
    "regenerator-runtime" "^0.13.3"

"@lit-labs/react@^1.1.1":
  "integrity" "sha512-DiZdJYFU0tBbdQkfwwRSwYyI/mcWkg3sWesKRsHUd4G+NekTmmeq9fzsurvcKTNVa0comNljwtg4Hvi1ds3V+A=="
  "resolved" "https://registry.npmjs.org/@lit-labs/react/-/react-1.2.1.tgz"
  "version" "1.2.1"

"@lit-labs/ssr-dom-shim@^1.0.0", "@lit-labs/ssr-dom-shim@^1.1.0":
  "integrity" "sha512-kXOeFbfCm4fFf2A3WwVEeQj55tMZa8c8/f9AKHMobQMkzNUfUj+antR3fRPaZJawsa1aZiP/Da3ndpZrwEe4rQ=="
  "resolved" "https://registry.npmjs.org/@lit-labs/ssr-dom-shim/-/ssr-dom-shim-1.1.1.tgz"
  "version" "1.1.1"

"@lit/reactive-element@^1.0.0", "@lit/reactive-element@^1.3.0", "@lit/reactive-element@^1.6.0":
  "integrity" "sha512-QuTgnG52Poic7uM1AN5yJ09QMe0O28e10XzSvWDz02TJiiKee4stsiownEIadWm8nYzyDAyT+gKzUoZmiWQtsQ=="
  "resolved" "https://registry.npmjs.org/@lit/reactive-element/-/reactive-element-1.6.3.tgz"
  "version" "1.6.3"
  dependencies:
    "@lit-labs/ssr-dom-shim" "^1.0.0"

"@open-wc/dedupe-mixin@^1.4.0":
  "integrity" "sha512-Sj7gKl1TLcDbF7B6KUhtvr+1UCxdhMbNY5KxdU5IfMFWqL8oy1ZeAcCANjoB1TL0AJTcPmcCFsCbHf8X2jGDUA=="
  "resolved" "https://registry.npmjs.org/@open-wc/dedupe-mixin/-/dedupe-mixin-1.4.0.tgz"
  "version" "1.4.0"

"@open-wc/scoped-elements@^2.1.3":
  "integrity" "sha512-Qe+vWsuVHFzUkdChwlmJGuQf9cA3I+QOsSHULV/6qf6wsqLM2/32svNRH+rbBIMwiPEwzZprZlkvkqQRucYnVA=="
  "resolved" "https://registry.npmjs.org/@open-wc/scoped-elements/-/scoped-elements-2.2.0.tgz"
  "version" "2.2.0"
  dependencies:
    "@lit/reactive-element" "^1.0.0"
    "@open-wc/dedupe-mixin" "^1.4.0"

"@shoelace-style/animations@^1.1.0":
  "integrity" "sha512-Be+cahtZyI2dPKRm8EZSx3YJQ+jLvEcn3xzRP7tM4tqBnvd/eW/64Xh0iOf0t2w5P8iJKfdBbpVNE9naCaOf2g=="
  "resolved" "https://registry.npmjs.org/@shoelace-style/animations/-/animations-1.1.0.tgz"
  "version" "1.1.0"

"@shoelace-style/localize@^3.1.1":
  "integrity" "sha512-NkM/hj3Js6yXCU9WxhsyxRUdyqUUUl/BSvIluUMptQteUWGOJaoyP1iMbOMqO544DYMzBfnoCw66ZHkGuTdKgA=="
  "resolved" "https://registry.npmjs.org/@shoelace-style/localize/-/localize-3.1.1.tgz"
  "version" "3.1.1"

"@shoelace-style/shoelace@^2.4.0":
  "integrity" "sha512-w7FnHqBoYR6Ne42WZPW+bIJGIAGsUZgxF3WA9LLfqn3+Q4NOQ4r5jl/DEfsQmRUTmY0nUrs4WGO1CeTrhv6taA=="
  "resolved" "https://registry.npmjs.org/@shoelace-style/shoelace/-/shoelace-2.7.0.tgz"
  "version" "2.7.0"
  dependencies:
    "@ctrl/tinycolor" "^3.5.0"
    "@floating-ui/dom" "^1.2.1"
    "@lit-labs/react" "^1.1.1"
    "@shoelace-style/animations" "^1.1.0"
    "@shoelace-style/localize" "^3.1.1"
    "composed-offset-position" "^0.0.4"
    "lit" "^2.7.5"
    "qr-creator" "^1.0.0"

"@tokenizer/token@^0.3.0":
  "integrity" "sha512-OvjF+z51L3ov0OyAU0duzsYuvO01PH7x4t6DJx+guahgTnBHkhJdG7soQeTSFLWN3efnHyibZ4Z8l2EuWwJN3A=="
  "resolved" "https://registry.npmjs.org/@tokenizer/token/-/token-0.3.0.tgz"
  "version" "0.3.0"

"@types/node@>= 14", "@types/node@16.9.1":
  "integrity" "sha512-QpLcX9ZSsq3YYUUnD3nFDY8H7wctAhQj/TFKL8Ya8v5fMm3CFXxo8zStsLAl780ltoYoo1WvKUVGBQK+1ifr7g=="
  "resolved" "https://registry.npmjs.org/@types/node/-/node-16.9.1.tgz"
  "version" "16.9.1"

"@types/trusted-types@^2.0.2":
  "integrity" "sha512-NfQ4gyz38SL8sDNrSixxU2Os1a5xcdFxipAFxYEuLUlvU2uDwS4NUpsImcf1//SlWItCVMMLiylsxbmNMToV/g=="
  "resolved" "https://registry.npmjs.org/@types/trusted-types/-/trusted-types-2.0.3.tgz"
  "version" "2.0.3"

"@webwriter/lit@^0.3.0":
  "integrity" "sha512-HmmCFvItsuPGRn4h5bXnhg2lG1u4vpk+cmeKBhYl0uWvo/vc4REN9xS91VJtgtQ1hy3r0WaoKacQWM1foD1A6A=="
  "resolved" "https://registry.npmjs.org/@webwriter/lit/-/lit-0.3.0.tgz"
  "version" "0.3.0"
  dependencies:
    "@open-wc/scoped-elements" "^2.1.3"
    "@webwriter/model" "^0.3.0"
    "lit" "^2.3.1"

"@webwriter/model@^0.3.0":
  "integrity" "sha512-HPif/GNQGgRFOeBI8hhIPo2IJtjzUHcTx9tf/gSO/gMD7i/LcfeXlTM0Pt5mtuPbQP0e6Btn+Y+PgxikwZJNQA=="
  "resolved" "https://registry.npmjs.org/@webwriter/model/-/model-0.3.0.tgz"
  "version" "0.3.0"

"any-base@^1.1.0":
  "integrity" "sha512-uMgjozySS8adZZYePpaWs8cxB9/kdzmpX6SgJZ+wbz1K5eYk5QMYDVJaZKhxyIHUdnnJkfR7SVgStgH7LkGUyg=="
  "resolved" "https://registry.npmjs.org/any-base/-/any-base-1.1.0.tgz"
  "version" "1.1.0"

"base64-js@^1.3.1":
  "integrity" "sha512-AKpaYlHn8t4SVbOHCy+b5+KKgvR4vrsD8vbvrbiQJps7fKDTkjkDry6ji0rUJjC0kzbNePLwzxq8iypo41qeWA=="
  "resolved" "https://registry.npmjs.org/base64-js/-/base64-js-1.5.1.tgz"
  "version" "1.5.1"

"bmp-js@^0.1.0":
  "integrity" "sha512-vHdS19CnY3hwiNdkaqk93DvjVLfbEcI8mys4UjuWrlX1haDmroo8o4xCzh4wD6DGV6HxRCyauwhHRqMTfERtjw=="
  "resolved" "https://registry.npmjs.org/bmp-js/-/bmp-js-0.1.0.tgz"
  "version" "0.1.0"

"buffer-equal@0.0.1":
  "integrity" "sha512-RgSV6InVQ9ODPdLWJ5UAqBqJBOg370Nz6ZQtRzpt6nUjc8v0St97uJ4PYC6NztqIScrAXafKM3mZPMygSe1ggA=="
  "resolved" "https://registry.npmjs.org/buffer-equal/-/buffer-equal-0.0.1.tgz"
  "version" "0.0.1"

"buffer@^5.2.0":
  "integrity" "sha512-EHcyIPBQ4BSGlvjB16k5KgAJ27CIsHY/2JBmCRReo48y9rQ3MaUzWX3KVlBa4U7MyX02HdVj0K7C3WaB3ju7FQ=="
  "resolved" "https://registry.npmjs.org/buffer/-/buffer-5.7.1.tgz"
  "version" "5.7.1"
  dependencies:
    "base64-js" "^1.3.1"
    "ieee754" "^1.1.13"

"composed-offset-position@^0.0.4":
  "integrity" "sha512-vMlvu1RuNegVE0YsCDSV/X4X10j56mq7PCIyOKK74FxkXzGLwhOUmdkJLSdOBOMwWycobGUMgft2lp+YgTe8hw=="
  "resolved" "https://registry.npmjs.org/composed-offset-position/-/composed-offset-position-0.0.4.tgz"
  "version" "0.0.4"

"dom-walk@^0.1.0":
  "integrity" "sha512-6QvTW9mrGeIegrFXdtQi9pk7O/nSK6lSdXW2eqUspN5LWD7UTji2Fqw5V2YLjBpHEoU9Xl/eUWNpDeZvoyOv2w=="
  "resolved" "https://registry.npmjs.org/dom-walk/-/dom-walk-0.1.2.tgz"
  "version" "0.1.2"

"esbuild-windows-64@0.15.18":
  "integrity" "sha512-qinug1iTTaIIrCorAUjR0fcBk24fjzEedFYhhispP8Oc7SFvs+XeW3YpAKiKp8dRpizl4YYAhxMjlftAMJiaUw=="
  "resolved" "https://registry.npmjs.org/esbuild-windows-64/-/esbuild-windows-64-0.15.18.tgz"
  "version" "0.15.18"

"esbuild@^0.15.9":
  "integrity" "sha512-x/R72SmW3sSFRm5zrrIjAhCeQSAWoni3CmHEqfQrZIQTM3lVCdehdwuIqaOtfC2slvpdlLa62GYoN8SxT23m6Q=="
  "resolved" "https://registry.npmjs.org/esbuild/-/esbuild-0.15.18.tgz"
  "version" "0.15.18"
  optionalDependencies:
    "@esbuild/android-arm" "0.15.18"
    "@esbuild/linux-loong64" "0.15.18"
    "esbuild-android-64" "0.15.18"
    "esbuild-android-arm64" "0.15.18"
    "esbuild-darwin-64" "0.15.18"
    "esbuild-darwin-arm64" "0.15.18"
    "esbuild-freebsd-64" "0.15.18"
    "esbuild-freebsd-arm64" "0.15.18"
    "esbuild-linux-32" "0.15.18"
    "esbuild-linux-64" "0.15.18"
    "esbuild-linux-arm" "0.15.18"
    "esbuild-linux-arm64" "0.15.18"
    "esbuild-linux-mips64le" "0.15.18"
    "esbuild-linux-ppc64le" "0.15.18"
    "esbuild-linux-riscv64" "0.15.18"
    "esbuild-linux-s390x" "0.15.18"
    "esbuild-netbsd-64" "0.15.18"
    "esbuild-openbsd-64" "0.15.18"
    "esbuild-sunos-64" "0.15.18"
    "esbuild-windows-32" "0.15.18"
    "esbuild-windows-64" "0.15.18"
    "esbuild-windows-arm64" "0.15.18"

"exif-parser@^0.1.12":
  "integrity" "sha512-c2bQfLNbMzLPmzQuOr8fy0csy84WmwnER81W88DzTp9CYNPJ6yzOj2EZAh9pywYpqHnshVLHQJ8WzldAyfY+Iw=="
  "resolved" "https://registry.npmjs.org/exif-parser/-/exif-parser-0.1.12.tgz"
  "version" "0.1.12"

"fa-icons@^0.2.0":
  "integrity" "sha512-HxGOWM8gpYiilRnsOykLNyt65aC+pmJ2ulxGaWvDRsLWU9DzvN8zNoz6EIlRKJ7ytvvqpOORhxIYRndaKn36nA=="
  "resolved" "https://registry.npmjs.org/fa-icons/-/fa-icons-0.2.0.tgz"
  "version" "0.2.0"
  dependencies:
    "@fortawesome/fontawesome-free" "^5.12.1"
    "lit-element" "^2.2.1"

"file-type@^16.5.4":
  "integrity" "sha512-/yFHK0aGjFEgDJjEKP0pWCplsPFPhwyfwevf/pVxiN0tmE4L9LmwWxWukdJSHdoCli4VgQLehjJtwQBnqmsKcw=="
  "resolved" "https://registry.npmjs.org/file-type/-/file-type-16.5.4.tgz"
  "version" "16.5.4"
  dependencies:
    "readable-web-to-node-stream" "^3.0.0"
    "strtok3" "^6.2.4"
    "token-types" "^4.1.1"

"function-bind@^1.1.1":
  "integrity" "sha512-yIovAzMX49sF8Yl58fSCWJ5svSLuaibPxXQJFLmBObTuCr0Mf1KiPopGM9NiFjiYBCbfaa2Fh6breQ6ANVTI0A=="
  "resolved" "https://registry.npmjs.org/function-bind/-/function-bind-1.1.1.tgz"
  "version" "1.1.1"

"gifwrap@^0.10.1":
  "integrity" "sha512-2760b1vpJHNmLzZ/ubTtNnEx5WApN/PYWJvXvgS+tL1egTTthayFYIQQNi136FLEDcN/IyEY2EcGpIITD6eYUw=="
  "resolved" "https://registry.npmjs.org/gifwrap/-/gifwrap-0.10.1.tgz"
  "version" "0.10.1"
  dependencies:
    "image-q" "^4.0.0"
    "omggif" "^1.0.10"

"global@~4.4.0":
  "integrity" "sha512-wv/LAoHdRE3BeTGz53FAamhGlPLhlssK45usmGFThIi4XqnBmjKQ16u+RNbP7WvigRZDxUsM0J3gcQ5yicaL0w=="
  "resolved" "https://registry.npmjs.org/global/-/global-4.4.0.tgz"
  "version" "4.4.0"
  dependencies:
    "min-document" "^2.19.0"
    "process" "^0.11.10"

"has@^1.0.3":
  "integrity" "sha512-f2dvO0VU6Oej7RkWJGrehjbzMAjFp5/VKPp5tTpWIV4JHHZK1/BxbFRtf/siA2SWTe09caDmVtYYzWEIbBS4zw=="
  "resolved" "https://registry.npmjs.org/has/-/has-1.0.3.tgz"
  "version" "1.0.3"
  dependencies:
    "function-bind" "^1.1.1"

"ieee754@^1.1.13", "ieee754@^1.2.1":
  "integrity" "sha512-dcyqhDvX1C46lXZcVqCpK+FtMRQVdIMN6/Df5js2zouUsqG7I6sFxitIC+7KYK29KdXOLHdu9zL4sFnoVQnqaA=="
  "resolved" "https://registry.npmjs.org/ieee754/-/ieee754-1.2.1.tgz"
  "version" "1.2.1"

"image-q@^4.0.0":
  "integrity" "sha512-PfJGVgIfKQJuq3s0tTDOKtztksibuUEbJQIYT3by6wctQo+Rdlh7ef4evJ5NCdxY4CfMbvFkocEwbl4BF8RlJw=="
  "resolved" "https://registry.npmjs.org/image-q/-/image-q-4.0.0.tgz"
  "version" "4.0.0"
  dependencies:
    "@types/node" "16.9.1"

"inherits@^2.0.3":
  "integrity" "sha512-k/vGaX4/Yla3WzyMCvTQOXYeIHvqOKtnqBduzTHpzpQZzAskKMhZ2K+EnBiSM9zGSoIFeMpXKxa4dYeZIQqewQ=="
  "resolved" "https://registry.npmjs.org/inherits/-/inherits-2.0.4.tgz"
  "version" "2.0.4"

"is-core-module@^2.13.0":
  "integrity" "sha512-Z7dk6Qo8pOCp3l4tsX2C5ZVas4V+UxwQodwZhLopL91TX8UyyHEXafPcyoeeWuLrwzHcr3igO78wNLwHJHsMCQ=="
  "resolved" "https://registry.npmjs.org/is-core-module/-/is-core-module-2.13.0.tgz"
  "version" "2.13.0"
  dependencies:
    "has" "^1.0.3"

"is-function@^1.0.1":
  "integrity" "sha512-lw7DUp0aWXYg+CBCN+JKkcE0Q2RayZnSvnZBlwgxHBQhqt5pZNVy4Ri7H9GmmXkdu7LUthszM+Tor1u/2iBcpQ=="
  "resolved" "https://registry.npmjs.org/is-function/-/is-function-1.0.2.tgz"
  "version" "1.0.2"

"isomorphic-fetch@^3.0.0":
  "integrity" "sha512-qvUtwJ3j6qwsF3jLxkZ72qCgjMysPzDfeV240JHiGZsANBYd+EEuu35v7dfrJ9Up0Ak07D7GGSkGhCHTqg/5wA=="
  "resolved" "https://registry.npmjs.org/isomorphic-fetch/-/isomorphic-fetch-3.0.0.tgz"
  "version" "3.0.0"
  dependencies:
    "node-fetch" "^2.6.1"
    "whatwg-fetch" "^3.4.1"

"jimp@0.22.7":
  "integrity" "sha512-TJCTJ4ZcFUw6W8XZnR6ajdEu8vSyPi3AuoChs+zLHalXnhAPZgwkzwcXnxey4LNjh1p9dfIUkg8YSQ+q8pBW0A=="
  "resolved" "https://registry.npmjs.org/jimp/-/jimp-0.22.7.tgz"
  "version" "0.22.7"
  dependencies:
    "@jimp/custom" "^0.22.7"
    "@jimp/plugins" "^0.22.7"
    "@jimp/types" "^0.22.7"
    "regenerator-runtime" "^0.13.3"

"jpeg-js@^0.4.4":
  "integrity" "sha512-WZzeDOEtTOBK4Mdsar0IqEU5sMr3vSV2RqkAIzUEV2BHnUfKGyswWFPFwK5EeDo93K3FohSHbLAjj0s1Wzd+dg=="
  "resolved" "https://registry.npmjs.org/jpeg-js/-/jpeg-js-0.4.4.tgz"
  "version" "0.4.4"

"leaflet@^1.9.4":
  "integrity" "sha512-nxS1ynzJOmOlHp+iL3FyWqK89GtNL8U8rvlMOsQdTTssxZwCXh8N2NB3GDQOL+YR3XnWyZAxwQixURb+FA74PA=="
  "resolved" "https://registry.npmjs.org/leaflet/-/leaflet-1.9.4.tgz"
  "version" "1.9.4"

"lit-element@^2.2.1":
  "integrity" "sha512-ogu7PiJTA33bEK0xGu1dmaX5vhcRjBXCFexPja0e7P7jqLhTpNKYRPmE+GmiCaRVAbiQKGkUgkh/i6+bh++dPQ=="
  "resolved" "https://registry.npmjs.org/lit-element/-/lit-element-2.5.1.tgz"
  "version" "2.5.1"
  dependencies:
    "lit-html" "^1.1.1"

"lit-element@^3.3.0":
  "integrity" "sha512-XbeRxmTHubXENkV4h8RIPyr8lXc+Ff28rkcQzw3G6up2xg5E8Zu1IgOWIwBLEQsu3cOVFqdYwiVi0hv0SlpqUA=="
  "resolved" "https://registry.npmjs.org/lit-element/-/lit-element-3.3.3.tgz"
  "version" "3.3.3"
  dependencies:
    "@lit-labs/ssr-dom-shim" "^1.1.0"
    "@lit/reactive-element" "^1.3.0"
    "lit-html" "^2.8.0"

"lit-html@^1.1.1":
  "integrity" "sha512-B9btcSgPYb1q4oSOb/PrOT6Z/H+r6xuNzfH4lFli/AWhYwdtrgQkQWBbIc6mdnf6E2IL3gDXdkkqNktpU0OZQA=="
  "resolved" "https://registry.npmjs.org/lit-html/-/lit-html-1.4.1.tgz"
  "version" "1.4.1"

"lit-html@^2.8.0":
  "integrity" "sha512-o9t+MQM3P4y7M7yNzqAyjp7z+mQGa4NS4CxiyLqFPyFWyc4O+nodLrkrxSaCTrla6M5YOLaT3RpbbqjszB5g3Q=="
  "resolved" "https://registry.npmjs.org/lit-html/-/lit-html-2.8.0.tgz"
  "version" "2.8.0"
  dependencies:
    "@types/trusted-types" "^2.0.2"

"lit@^2.3.1", "lit@^2.4.0", "lit@^2.7.5":
  "integrity" "sha512-4Sc3OFX9QHOJaHbmTMk28SYgVxLN3ePDjg7hofEft2zWlehFL3LiAuapWc4U/kYwMYJSh2hTCPZ6/LIC7ii0MA=="
  "resolved" "https://registry.npmjs.org/lit/-/lit-2.8.0.tgz"
  "version" "2.8.0"
  dependencies:
    "@lit/reactive-element" "^1.6.0"
    "lit-element" "^3.3.0"
    "lit-html" "^2.8.0"

"load-bmfont@^1.4.1":
  "integrity" "sha512-8UyQoYmdRDy81Brz6aLAUhfZLwr5zV0L3taTQ4hju7m6biuwiWiJXjPhBJxbUQJA8PrkvJ/7Enqmwk2sM14soA=="
  "resolved" "https://registry.npmjs.org/load-bmfont/-/load-bmfont-1.4.1.tgz"
  "version" "1.4.1"
  dependencies:
    "buffer-equal" "0.0.1"
    "mime" "^1.3.4"
    "parse-bmfont-ascii" "^1.0.3"
    "parse-bmfont-binary" "^1.0.5"
    "parse-bmfont-xml" "^1.1.4"
    "phin" "^2.9.1"
    "xhr" "^2.0.1"
    "xtend" "^4.0.0"

"mime@^1.3.4":
  "integrity" "sha512-x0Vn8spI+wuJ1O6S7gnbaQg8Pxh4NNHb7KSINmEWKiPE4RKOplvijn+NkmYmmRgP68mc70j2EbeTFRsrswaQeg=="
  "resolved" "https://registry.npmjs.org/mime/-/mime-1.6.0.tgz"
  "version" "1.6.0"

"min-document@^2.19.0":
  "integrity" "sha512-9Wy1B3m3f66bPPmU5hdA4DR4PB2OfDU/+GS3yAB7IQozE3tqXaVv2zOjgla7MEGSRv95+ILmOuvhLkOK6wJtCQ=="
  "resolved" "https://registry.npmjs.org/min-document/-/min-document-2.19.0.tgz"
  "version" "2.19.0"
  dependencies:
    "dom-walk" "^0.1.0"

"nanoid@^3.3.6":
  "integrity" "sha512-BGcqMMJuToF7i1rt+2PWSNVnWIkGCU78jBG3RxO/bZlnZPK2Cmi2QaffxGO/2RvWi9sL+FAiRiXMgsyxQ1DIDA=="
  "resolved" "https://registry.npmjs.org/nanoid/-/nanoid-3.3.6.tgz"
  "version" "3.3.6"

"node-fetch@^2.6.1":
  "integrity" "sha512-StxNAxh15zr77QvvkmveSQ8uCQ4+v5FkvNTj0OESmiHu+VRi/gXArXtkWMElOsOUNLtUEvI4yS+rdtOHZTwlQA=="
  "resolved" "https://registry.npmjs.org/node-fetch/-/node-fetch-2.6.13.tgz"
  "version" "2.6.13"
  dependencies:
    "whatwg-url" "^5.0.0"

"omggif@^1.0.10", "omggif@^1.0.9":
  "integrity" "sha512-LMJTtvgc/nugXj0Vcrrs68Mn2D1r0zf630VNtqtpI1FEO7e+O9FP4gqs9AcnBaSEeoHIPm28u6qgPR0oyEpGSw=="
  "resolved" "https://registry.npmjs.org/omggif/-/omggif-1.0.10.tgz"
  "version" "1.0.10"

"pako@^1.0.11":
  "integrity" "sha512-4hLB8Py4zZce5s4yd9XzopqwVv/yGNhV1Bl8NTmCq1763HeK2+EwVTv+leGeL13Dnh2wfbqowVPXCIO0z4taYw=="
  "resolved" "https://registry.npmjs.org/pako/-/pako-1.0.11.tgz"
  "version" "1.0.11"

"parse-bmfont-ascii@^1.0.3":
  "integrity" "sha512-U4RrVsUFCleIOBsIGYOMKjn9PavsGOXxbvYGtMOEfnId0SVNsgehXh1DxUdVPLoxd5mvcEtvmKs2Mmf0Mpa1ZA=="
  "resolved" "https://registry.npmjs.org/parse-bmfont-ascii/-/parse-bmfont-ascii-1.0.6.tgz"
  "version" "1.0.6"

"parse-bmfont-binary@^1.0.5":
  "integrity" "sha512-GxmsRea0wdGdYthjuUeWTMWPqm2+FAd4GI8vCvhgJsFnoGhTrLhXDDupwTo7rXVAgaLIGoVHDZS9p/5XbSqeWA=="
  "resolved" "https://registry.npmjs.org/parse-bmfont-binary/-/parse-bmfont-binary-1.0.6.tgz"
  "version" "1.0.6"

"parse-bmfont-xml@^1.1.4":
  "integrity" "sha512-bjnliEOmGv3y1aMEfREMBJ9tfL3WR0i0CKPj61DnSLaoxWR3nLrsQrEbCId/8rF4NyRF0cCqisSVXyQYWM+mCQ=="
  "resolved" "https://registry.npmjs.org/parse-bmfont-xml/-/parse-bmfont-xml-1.1.4.tgz"
  "version" "1.1.4"
  dependencies:
    "xml-parse-from-string" "^1.0.0"
    "xml2js" "^0.4.5"

"parse-headers@^2.0.0":
  "integrity" "sha512-ft3iAoLOB/MlwbNXgzy43SWGP6sQki2jQvAyBg/zDFAgr9bfNWZIUj42Kw2eJIl8kEi4PbgE6U1Zau/HwI75HA=="
  "resolved" "https://registry.npmjs.org/parse-headers/-/parse-headers-2.0.5.tgz"
  "version" "2.0.5"

"path-parse@^1.0.7":
  "integrity" "sha512-LDJzPVEEEPR+y48z93A0Ed0yXb8pAByGWo/k5YYdYgpY2/2EsOsksJrq7lOHxryrVOn1ejG6oAp8ahvOIQD8sw=="
  "resolved" "https://registry.npmjs.org/path-parse/-/path-parse-1.0.7.tgz"
  "version" "1.0.7"

"peek-readable@^4.1.0":
  "integrity" "sha512-ZI3LnwUv5nOGbQzD9c2iDG6toheuXSZP5esSHBjopsXH4dg19soufvpUGA3uohi5anFtGb2lhAVdHzH6R/Evvg=="
  "resolved" "https://registry.npmjs.org/peek-readable/-/peek-readable-4.1.0.tgz"
  "version" "4.1.0"

"phin@^2.9.1":
  "integrity" "sha512-CzFr90qM24ju5f88quFC/6qohjC144rehe5n6DH900lgXmUe86+xCKc10ev56gRKC4/BkHUoG4uSiQgBiIXwDA=="
  "resolved" "https://registry.npmjs.org/phin/-/phin-2.9.3.tgz"
  "version" "2.9.3"

"picocolors@^1.0.0":
  "integrity" "sha512-1fygroTLlHu66zi26VoTDv8yRgm0Fccecssto+MhsZ0D/DGW2sm8E8AjW7NU5VVTRt5GxbeZ5qBuJr+HyLYkjQ=="
  "resolved" "https://registry.npmjs.org/picocolors/-/picocolors-1.0.0.tgz"
  "version" "1.0.0"

"pixelmatch@^4.0.2":
  "integrity" "sha512-J8B6xqiO37sU/gkcMglv6h5Jbd9xNER7aHzpfRdNmV4IbQBzBpe4l9XmbG+xPF/znacgu2jfEw+wHffaq/YkXA=="
  "resolved" "https://registry.npmjs.org/pixelmatch/-/pixelmatch-4.0.2.tgz"
  "version" "4.0.2"
  dependencies:
    "pngjs" "^3.0.0"

"pngjs@^3.0.0":
  "integrity" "sha512-NCrCHhWmnQklfH4MtJMRjZ2a8c80qXeMlQMv2uVp9ISJMTt562SbGd6n2oq0PaPgKm7Z6pL9E2UlLIhC+SHL3w=="
  "resolved" "https://registry.npmjs.org/pngjs/-/pngjs-3.4.0.tgz"
  "version" "3.4.0"

"pngjs@^6.0.0":
  "integrity" "sha512-TRzzuFRRmEoSW/p1KVAmiOgPco2Irlah+bGFCeNfJXxxYGwSw7YwAOAcd7X28K/m5bjBWKsC29KyoMfHbypayg=="
  "resolved" "https://registry.npmjs.org/pngjs/-/pngjs-6.0.0.tgz"
  "version" "6.0.0"

"postcss@^8.4.18":
  "integrity" "sha512-Z7V5j0cq8oEKyejIKfpD8b4eBy9cwW2JWPk0+fB1HOAMsfHbnAXLLS+PfVWlzMSLQaWttKDt607I0XHmpE67Vw=="
  "resolved" "https://registry.npmjs.org/postcss/-/postcss-8.4.28.tgz"
  "version" "8.4.28"
  dependencies:
    "nanoid" "^3.3.6"
    "picocolors" "^1.0.0"
    "source-map-js" "^1.0.2"

"process@^0.11.10":
  "integrity" "sha512-cdGef/drWFoydD1JsMzuFf8100nZl+GT+yacc2bEced5f9Rjk4z+WtFUTBu9PhOi9j/jfmBPu0mMEY4wIdAF8A=="
  "resolved" "https://registry.npmjs.org/process/-/process-0.11.10.tgz"
  "version" "0.11.10"

"qr-creator@^1.0.0":
  "integrity" "sha512-C0cqfbS1P5hfqN4NhsYsUXePlk9BO+a45bAQ3xLYjBL3bOIFzoVEjs79Fado9u9BPBD3buHi3+vY+C8tHh4qMQ=="
  "resolved" "https://registry.npmjs.org/qr-creator/-/qr-creator-1.0.0.tgz"
  "version" "1.0.0"

"readable-stream@^3.6.0":
  "integrity" "sha512-9u/sniCrY3D5WdsERHzHE4G2YCXqoG5FTHUiCC4SIbr6XcLZBY05ya9EKjYek9O5xOAwjGq+1JdGBAS7Q9ScoA=="
  "resolved" "https://registry.npmjs.org/readable-stream/-/readable-stream-3.6.2.tgz"
  "version" "3.6.2"
  dependencies:
    "inherits" "^2.0.3"
    "string_decoder" "^1.1.1"
    "util-deprecate" "^1.0.1"

"readable-web-to-node-stream@^3.0.0":
  "integrity" "sha512-ePeK6cc1EcKLEhJFt/AebMCLL+GgSKhuygrZ/GLaKZYEecIgIECf4UaUuaByiGtzckwR4ain9VzUh95T1exYGw=="
  "resolved" "https://registry.npmjs.org/readable-web-to-node-stream/-/readable-web-to-node-stream-3.0.2.tgz"
  "version" "3.0.2"
  dependencies:
    "readable-stream" "^3.6.0"

"regenerator-runtime@^0.13.3":
  "integrity" "sha512-kY1AZVr2Ra+t+piVaJ4gxaFaReZVH40AKNo7UCX6W+dEwBo/2oZJzqfuN1qLq1oL45o56cPaTXELwrTh8Fpggg=="
  "resolved" "https://registry.npmjs.org/regenerator-runtime/-/regenerator-runtime-0.13.11.tgz"
  "version" "0.13.11"

"resolve@^1.22.1":
  "integrity" "sha512-PXNdCiPqDqeUou+w1C2eTQbNfxKSuMxqTCuvlmmMsk1NWHL5fRrhY6Pl0qEYYc6+QqGClco1Qj8XnjPego4wfg=="
  "resolved" "https://registry.npmjs.org/resolve/-/resolve-1.22.4.tgz"
  "version" "1.22.4"
  dependencies:
    "is-core-module" "^2.13.0"
    "path-parse" "^1.0.7"
    "supports-preserve-symlinks-flag" "^1.0.0"

"rollup@^2.79.1":
  "integrity" "sha512-uKxbd0IhMZOhjAiD5oAFp7BqvkA4Dv47qpOCtaNvng4HBwdbWtdOh8f5nZNuk2rp51PMGk3bzfWu5oayNEuYnw=="
  "resolved" "https://registry.npmjs.org/rollup/-/rollup-2.79.1.tgz"
  "version" "2.79.1"
  optionalDependencies:
    "fsevents" "~2.3.2"

"safe-buffer@~5.2.0":
  "integrity" "sha512-rp3So07KcdmmKbGvgaNxQSJr7bGVSVk5S9Eq1F+ppbRo70+YeaDxkw5Dd8NPN+GD6bjnYm2VuPuCXmpuYvmCXQ=="
  "resolved" "https://registry.npmjs.org/safe-buffer/-/safe-buffer-5.2.1.tgz"
  "version" "5.2.1"

"sax@>=0.6.0":
  "integrity" "sha512-NqVDv9TpANUjFm0N8uM5GxL36UgKi9/atZw+x7YFnQ8ckwFGKrl4xX4yWtrey3UJm5nP1kUbnYgLopqWNSRhWw=="
  "resolved" "https://registry.npmjs.org/sax/-/sax-1.2.4.tgz"
  "version" "1.2.4"

"source-map-js@^1.0.2":
  "integrity" "sha512-R0XvVJ9WusLiqTCEiGCmICCMplcCkIwwR11mOSD9CR5u+IXYdiseeEuXCVAjS54zqwkLcPNnmU4OeJ6tUrWhDw=="
  "resolved" "https://registry.npmjs.org/source-map-js/-/source-map-js-1.0.2.tgz"
  "version" "1.0.2"

"string_decoder@^1.1.1":
  "integrity" "sha512-hkRX8U1WjJFd8LsDJ2yQ/wWWxaopEsABU1XfkM8A+j0+85JAGppt16cr1Whg6KIbb4okU6Mql6BOj+uup/wKeA=="
  "resolved" "https://registry.npmjs.org/string_decoder/-/string_decoder-1.3.0.tgz"
  "version" "1.3.0"
  dependencies:
    "safe-buffer" "~5.2.0"

"strtok3@^6.2.4":
  "integrity" "sha512-fZtbhtvI9I48xDSywd/somNqgUHl2L2cstmXCCif0itOf96jeW18MBSyrLuNicYQVkvpOxkZtkzujiTJ9LW5Jw=="
  "resolved" "https://registry.npmjs.org/strtok3/-/strtok3-6.3.0.tgz"
  "version" "6.3.0"
  dependencies:
    "@tokenizer/token" "^0.3.0"
    "peek-readable" "^4.1.0"

"supports-preserve-symlinks-flag@^1.0.0":
  "integrity" "sha512-ot0WnXS9fgdkgIcePe6RHNk1WA8+muPa6cSjeR3V8K27q9BB1rTE3R1p7Hv0z1ZyAc8s6Vvv8DIyWf681MAt0w=="
  "resolved" "https://registry.npmjs.org/supports-preserve-symlinks-flag/-/supports-preserve-symlinks-flag-1.0.0.tgz"
  "version" "1.0.0"

"timm@^1.6.1":
  "integrity" "sha512-IjZc9KIotudix8bMaBW6QvMuq64BrJWFs1+4V0lXwWGQZwH+LnX87doAYhem4caOEusRP9/g6jVDQmZ8XOk1nw=="
  "resolved" "https://registry.npmjs.org/timm/-/timm-1.7.1.tgz"
  "version" "1.7.1"

"tinycolor2@^1.6.0":
  "integrity" "sha512-XPaBkWQJdsf3pLKJV9p4qN/S+fm2Oj8AIPo1BTUhg5oxkvm9+SVEGFdhyOz7tTdUTfvxMiAs4sp6/eZO2Ew+pw=="
  "resolved" "https://registry.npmjs.org/tinycolor2/-/tinycolor2-1.6.0.tgz"
  "version" "1.6.0"

"token-types@^4.1.1":
  "integrity" "sha512-6udB24Q737UD/SDsKAHI9FCRP7Bqc9D/MQUV02ORQg5iskjtLJlZJNdN4kKtcdtwCeWIwIHDGaUsTsCCAa8sFQ=="
  "resolved" "https://registry.npmjs.org/token-types/-/token-types-4.2.1.tgz"
  "version" "4.2.1"
  dependencies:
    "@tokenizer/token" "^0.3.0"
    "ieee754" "^1.2.1"

"tr46@~0.0.3":
  "integrity" "sha512-N3WMsuqV66lT30CrXNbEjx4GEwlow3v6rr4mCcv6prnfwhS01rkgyFdjPNBYd9br7LpXV1+Emh01fHnq2Gdgrw=="
  "resolved" "https://registry.npmjs.org/tr46/-/tr46-0.0.3.tgz"
  "version" "0.0.3"

"typescript@^4.8.4":
  "integrity" "sha512-1FXk9E2Hm+QzZQ7z+McJiHL4NW1F2EzMu9Nq9i3zAaGqibafqYwCVU6WyWAuyQRRzOlxou8xZSyXLEN8oKj24g=="
  "resolved" "https://registry.npmjs.org/typescript/-/typescript-4.9.5.tgz"
  "version" "4.9.5"

"utif2@^4.0.1":
  "integrity" "sha512-+oknB9FHrJ7oW7A2WZYajOcv4FcDR4CfoGB0dPNfxbi4GO05RRnFmt5oa23+9w32EanrYcSJWspUiJkLMs+37w=="
  "resolved" "https://registry.npmjs.org/utif2/-/utif2-4.1.0.tgz"
  "version" "4.1.0"
  dependencies:
    "pako" "^1.0.11"

"util-deprecate@^1.0.1":
  "integrity" "sha512-EPD5q1uXyFxJpCrLnCc1nHnq3gOa6DZBocAIiI2TaSCA7VCJ1UJDMagCzIkXNsUYfD1daK//LTEQ8xiIbrHtcw=="
  "resolved" "https://registry.npmjs.org/util-deprecate/-/util-deprecate-1.0.2.tgz"
  "version" "1.0.2"

"vite@^3.1.6":
  "integrity" "sha512-29pdXjk49xAP0QBr0xXqu2s5jiQIXNvE/xwd0vUizYT2Hzqe4BksNNoWllFVXJf4eLZ+UlVQmXfB4lWrc+t18g=="
  "resolved" "https://registry.npmjs.org/vite/-/vite-3.2.7.tgz"
  "version" "3.2.7"
  dependencies:
    "esbuild" "^0.15.9"
    "postcss" "^8.4.18"
    "resolve" "^1.22.1"
    "rollup" "^2.79.1"
  optionalDependencies:
    "fsevents" "~2.3.2"

"webidl-conversions@^3.0.0":
  "integrity" "sha512-2JAn3z8AR6rjK8Sm8orRC0h/bcl/DqL7tRPdGZ4I1CjdF+EaMLmYxBHyXuKL849eucPFhvBoxMsflfOb8kxaeQ=="
  "resolved" "https://registry.npmjs.org/webidl-conversions/-/webidl-conversions-3.0.1.tgz"
  "version" "3.0.1"

"whatwg-fetch@^3.4.1":
  "integrity" "sha512-c4ghIvG6th0eudYwKZY5keb81wtFz9/WeAHAoy8+r18kcWlitUIrmGFQ2rWEl4UCKUilD3zCLHOIPheHx5ypRQ=="
  "resolved" "https://registry.npmjs.org/whatwg-fetch/-/whatwg-fetch-3.6.17.tgz"
  "version" "3.6.17"

"whatwg-url@^5.0.0":
  "integrity" "sha512-saE57nupxk6v3HY35+jzBwYa0rKSy0XR8JSxZPwgLr7ys0IBzhGviA1/TUGJLmSVqs8pb9AnvICXEuOHLprYTw=="
  "resolved" "https://registry.npmjs.org/whatwg-url/-/whatwg-url-5.0.0.tgz"
  "version" "5.0.0"
  dependencies:
    "tr46" "~0.0.3"
    "webidl-conversions" "^3.0.0"

"xhr@^2.0.1":
  "integrity" "sha512-/eCGLb5rxjx5e3mF1A7s+pLlR6CGyqWN91fv1JgER5mVWg1MZmlhBvy9kjcsOdRk8RrIujotWyJamfyrp+WIcA=="
  "resolved" "https://registry.npmjs.org/xhr/-/xhr-2.6.0.tgz"
  "version" "2.6.0"
  dependencies:
    "global" "~4.4.0"
    "is-function" "^1.0.1"
    "parse-headers" "^2.0.0"
    "xtend" "^4.0.0"

"xml-parse-from-string@^1.0.0":
  "integrity" "sha512-ErcKwJTF54uRzzNMXq2X5sMIy88zJvfN2DmdoQvy7PAFJ+tPRU6ydWuOKNMyfmOjdyBQTFREi60s0Y0SyI0G0g=="
  "resolved" "https://registry.npmjs.org/xml-parse-from-string/-/xml-parse-from-string-1.0.1.tgz"
  "version" "1.0.1"

"xml2js@^0.4.5":
  "integrity" "sha512-ySPiMjM0+pLDftHgXY4By0uswI3SPKLDw/i3UXbnO8M/p28zqexCUoPmQFrYD+/1BzhGJSs2i1ERWKJAtiLrug=="
  "resolved" "https://registry.npmjs.org/xml2js/-/xml2js-0.4.23.tgz"
  "version" "0.4.23"
  dependencies:
    "sax" ">=0.6.0"
    "xmlbuilder" "~11.0.0"

"xmlbuilder@~11.0.0":
  "integrity" "sha512-fDlsI/kFEx7gLvbecc0/ohLG50fugQp8ryHzMTuW9vSa1GJ0XYWKnhsUx7oie3G98+r56aTQIUB4kht42R3JvA=="
  "resolved" "https://registry.npmjs.org/xmlbuilder/-/xmlbuilder-11.0.1.tgz"
  "version" "11.0.1"

"xtend@^4.0.0":
  "integrity" "sha512-LKYU1iAXJXUgAXn9URjiu+MWhyUXHsvfp7mcuYm9dSUKK0/CjtrUwFAxD82/mCWbtLsGjFIad0wIsod4zrTAEQ=="
  "resolved" "https://registry.npmjs.org/xtend/-/xtend-4.0.2.tgz"
  "version" "4.0.2"
